
Microsoft Visual Studio Solution File, Format Version 12.00
# Visual Studio Version 16
VisualStudioVersion = 16.0.30002.166
MinimumVisualStudioVersion = 10.0.40219.1
Project("{FAE04EC0-301F-11D3-BF4B-00C04F79EFBC}") = "PolymOR2", "PolymOR2\PolymOR2.csproj", "{97554A2A-CEC3-4BE8-A84C-B10D81B2134C}"
EndProject
Global
	GlobalSection(SolutionConfigurationPlatforms) = preSolution
		Debug|Any CPU = Debug|Any CPU
		Release|Any CPU = Release|Any CPU
	EndGlobalSection
	GlobalSection(ProjectConfigurationPlatforms) = postSolution
		{97554A2A-CEC3-4BE8-A84C-B10D81B2134C}.Debug|Any CPU.ActiveCfg = Debug|Any CPU
		{97554A2A-CEC3-4BE8-A84C-B10D81B2134C}.Debug|Any CPU.Build.0 = Debug|Any CPU
		{97554A2A-CEC3-4BE8-A84C-B10D81B2134C}.Release|Any CPU.ActiveCfg = Release|Any CPU
		{97554A2A-CEC3-4BE8-A84C-B10D81B2134C}.Release|Any CPU.Build.0 = Release|Any CPU
	EndGlobalSection
	GlobalSection(SolutionProperties) = preSolution
		HideSolutionNode = FALSE
	EndGlobalSection
	GlobalSection(ExtensibilityGlobals) = postSolution
		SolutionGuid = {6CD13CA2-CFB3-4515-861B-E22CA5C03BA8}
	EndGlobalSection
EndGlobal
